// !$*UTF8*$!
{
	archiveVersion = 1;
	classes = {
	};
	objectVersion = 56;
	objects = {

/* Begin PBXBuildFile section */
		21EDAD872C85C3420090FF67 /* AppDelegate.swift in Sources */ = {isa = PBXBuildFile; fileRef = 21EDAD862C85C3420090FF67 /* AppDelegate.swift */; };
		21EDAD892C85C3420090FF67 /* SceneDelegate.swift in Sources */ = {isa = PBXBuildFile; fileRef = 21EDAD882C85C3420090FF67 /* SceneDelegate.swift */; };
		21EDAD8B2C85C3420090FF67 /* BookReviewListViewController.swift in Sources */ = {isa = PBXBuildFile; fileRef = 21EDAD8A2C85C3420090FF67 /* BookReviewListViewController.swift */; };
		21EDAD902C85C3430090FF67 /* Assets.xcassets in Resources */ = {isa = PBXBuildFile; fileRef = 21EDAD8F2C85C3430090FF67 /* Assets.xcassets */; };
		21EDAD932C85C3430090FF67 /* Base in Resources */ = {isa = PBXBuildFile; fileRef = 21EDAD922C85C3430090FF67 /* Base */; };
		21EDAD9E2C85C3430090FF67 /* ReviewListPresenterTests.swift in Sources */ = {isa = PBXBuildFile; fileRef = 21EDAD9D2C85C3430090FF67 /* ReviewListPresenterTests.swift */; };
		21EDADA82C85C3430090FF67 /* BookReviewUITests.swift in Sources */ = {isa = PBXBuildFile; fileRef = 21EDADA72C85C3430090FF67 /* BookReviewUITests.swift */; };
		21EDADAA2C85C3430090FF67 /* BookReviewUITestsLaunchTests.swift in Sources */ = {isa = PBXBuildFile; fileRef = 21EDADA92C85C3430090FF67 /* BookReviewUITestsLaunchTests.swift */; };
		21EDADB82C85C3DB0090FF67 /* SnapKit in Frameworks */ = {isa = PBXBuildFile; productRef = 21EDADB72C85C3DB0090FF67 /* SnapKit */; };
		21EDADBB2C85C4040090FF67 /* Alamofire in Frameworks */ = {isa = PBXBuildFile; productRef = 21EDADBA2C85C4040090FF67 /* Alamofire */; };
		21EDADBE2C85C40E0090FF67 /* Kingfisher in Frameworks */ = {isa = PBXBuildFile; productRef = 21EDADBD2C85C40E0090FF67 /* Kingfisher */; };
		21EDADC02C85CA3E0090FF67 /* BookReviewListPresenter.swift in Sources */ = {isa = PBXBuildFile; fileRef = 21EDADBF2C85CA3E0090FF67 /* BookReviewListPresenter.swift */; };
		21EDADC42C8628DD0090FF67 /* BookReviewWriteViewController.swift in Sources */ = {isa = PBXBuildFile; fileRef = 21EDADC32C8628DD0090FF67 /* BookReviewWriteViewController.swift */; };
		21EDADC62C8628EC0090FF67 /* BookReviewWritePresenter.swift in Sources */ = {isa = PBXBuildFile; fileRef = 21EDADC52C8628EC0090FF67 /* BookReviewWritePresenter.swift */; };
		21EDADC92C8790020090FF67 /* SearchBookViewController.swift in Sources */ = {isa = PBXBuildFile; fileRef = 21EDADC82C8790020090FF67 /* SearchBookViewController.swift */; };
		21EDADCB2C87900C0090FF67 /* SearchBookPresenter.swift in Sources */ = {isa = PBXBuildFile; fileRef = 21EDADCA2C87900C0090FF67 /* SearchBookPresenter.swift */; };
		21EDADCE2C87971E0090FF67 /* BookSearchRequest.swift in Sources */ = {isa = PBXBuildFile; fileRef = 21EDADCD2C87971E0090FF67 /* BookSearchRequest.swift */; };
		21EDADD12C87975D0090FF67 /* BookSearchResponse.swift in Sources */ = {isa = PBXBuildFile; fileRef = 21EDADD02C87975D0090FF67 /* BookSearchResponse.swift */; };
		21EDADD32C8798060090FF67 /* BookSearchManager.swift in Sources */ = {isa = PBXBuildFile; fileRef = 21EDADD22C8798060090FF67 /* BookSearchManager.swift */; };
		21EDADD62C89C5CD0090FF67 /* UserDefaultManager.swift in Sources */ = {isa = PBXBuildFile; fileRef = 21EDADD52C89C5CD0090FF67 /* UserDefaultManager.swift */; };
		21EDADD82C89C5DB0090FF67 /* BookReview.swift in Sources */ = {isa = PBXBuildFile; fileRef = 21EDADD72C89C5DB0090FF67 /* BookReview.swift */; };
/* End PBXBuildFile section */

/* Begin PBXContainerItemProxy section */
		21EDAD9A2C85C3430090FF67 /* PBXContainerItemProxy */ = {
			isa = PBXContainerItemProxy;
			containerPortal = 21EDAD7B2C85C3420090FF67 /* Project object */;
			proxyType = 1;
			remoteGlobalIDString = 21EDAD822C85C3420090FF67;
			remoteInfo = BookReview;
		};
		21EDADA42C85C3430090FF67 /* PBXContainerItemProxy */ = {
			isa = PBXContainerItemProxy;
			containerPortal = 21EDAD7B2C85C3420090FF67 /* Project object */;
			proxyType = 1;
			remoteGlobalIDString = 21EDAD822C85C3420090FF67;
			remoteInfo = BookReview;
		};
/* End PBXContainerItemProxy section */

/* Begin PBXFileReference section */
		21EDAD832C85C3420090FF67 /* BookReview.app */ = {isa = PBXFileReference; explicitFileType = wrapper.application; includeInIndex = 0; path = BookReview.app; sourceTree = BUILT_PRODUCTS_DIR; };
		21EDAD862C85C3420090FF67 /* AppDelegate.swift */ = {isa = PBXFileReference; lastKnownFileType = sourcecode.swift; path = AppDelegate.swift; sourceTree = "<group>"; };
		21EDAD882C85C3420090FF67 /* SceneDelegate.swift */ = {isa = PBXFileReference; lastKnownFileType = sourcecode.swift; path = SceneDelegate.swift; sourceTree = "<group>"; };
		21EDAD8A2C85C3420090FF67 /* BookReviewListViewController.swift */ = {isa = PBXFileReference; lastKnownFileType = sourcecode.swift; path = BookReviewListViewController.swift; sourceTree = "<group>"; };
		21EDAD8F2C85C3430090FF67 /* Assets.xcassets */ = {isa = PBXFileReference; lastKnownFileType = folder.assetcatalog; path = Assets.xcassets; sourceTree = "<group>"; };
		21EDAD922C85C3430090FF67 /* Base */ = {isa = PBXFileReference; lastKnownFileType = file.storyboard; name = Base; path = Base.lproj/LaunchScreen.storyboard; sourceTree = "<group>"; };
		21EDAD942C85C3430090FF67 /* Info.plist */ = {isa = PBXFileReference; lastKnownFileType = text.plist.xml; path = Info.plist; sourceTree = "<group>"; };
		21EDAD992C85C3430090FF67 /* BookReviewTests.xctest */ = {isa = PBXFileReference; explicitFileType = wrapper.cfbundle; includeInIndex = 0; path = BookReviewTests.xctest; sourceTree = BUILT_PRODUCTS_DIR; };
		21EDAD9D2C85C3430090FF67 /* ReviewListPresenterTests.swift */ = {isa = PBXFileReference; lastKnownFileType = sourcecode.swift; path = ReviewListPresenterTests.swift; sourceTree = "<group>"; };
		21EDADA32C85C3430090FF67 /* BookReviewUITests.xctest */ = {isa = PBXFileReference; explicitFileType = wrapper.cfbundle; includeInIndex = 0; path = BookReviewUITests.xctest; sourceTree = BUILT_PRODUCTS_DIR; };
		21EDADA72C85C3430090FF67 /* BookReviewUITests.swift */ = {isa = PBXFileReference; lastKnownFileType = sourcecode.swift; path = BookReviewUITests.swift; sourceTree = "<group>"; };
		21EDADA92C85C3430090FF67 /* BookReviewUITestsLaunchTests.swift */ = {isa = PBXFileReference; lastKnownFileType = sourcecode.swift; path = BookReviewUITestsLaunchTests.swift; sourceTree = "<group>"; };
		21EDADBF2C85CA3E0090FF67 /* BookReviewListPresenter.swift */ = {isa = PBXFileReference; lastKnownFileType = sourcecode.swift; path = BookReviewListPresenter.swift; sourceTree = "<group>"; };
		21EDADC32C8628DD0090FF67 /* BookReviewWriteViewController.swift */ = {isa = PBXFileReference; lastKnownFileType = sourcecode.swift; path = BookReviewWriteViewController.swift; sourceTree = "<group>"; };
		21EDADC52C8628EC0090FF67 /* BookReviewWritePresenter.swift */ = {isa = PBXFileReference; lastKnownFileType = sourcecode.swift; path = BookReviewWritePresenter.swift; sourceTree = "<group>"; };
		21EDADC82C8790020090FF67 /* SearchBookViewController.swift */ = {isa = PBXFileReference; lastKnownFileType = sourcecode.swift; path = SearchBookViewController.swift; sourceTree = "<group>"; };
		21EDADCA2C87900C0090FF67 /* SearchBookPresenter.swift */ = {isa = PBXFileReference; lastKnownFileType = sourcecode.swift; path = SearchBookPresenter.swift; sourceTree = "<group>"; };
		21EDADCD2C87971E0090FF67 /* BookSearchRequest.swift */ = {isa = PBXFileReference; lastKnownFileType = sourcecode.swift; path = BookSearchRequest.swift; sourceTree = "<group>"; };
		21EDADD02C87975D0090FF67 /* BookSearchResponse.swift */ = {isa = PBXFileReference; lastKnownFileType = sourcecode.swift; path = BookSearchResponse.swift; sourceTree = "<group>"; };
		21EDADD22C8798060090FF67 /* BookSearchManager.swift */ = {isa = PBXFileReference; lastKnownFileType = sourcecode.swift; path = BookSearchManager.swift; sourceTree = "<group>"; };
		21EDADD52C89C5CD0090FF67 /* UserDefaultManager.swift */ = {isa = PBXFileReference; lastKnownFileType = sourcecode.swift; path = UserDefaultManager.swift; sourceTree = "<group>"; };
		21EDADD72C89C5DB0090FF67 /* BookReview.swift */ = {isa = PBXFileReference; lastKnownFileType = sourcecode.swift; path = BookReview.swift; sourceTree = "<group>"; };
/* End PBXFileReference section */

/* Begin PBXFrameworksBuildPhase section */
		21EDAD802C85C3420090FF67 /* Frameworks */ = {
			isa = PBXFrameworksBuildPhase;
			buildActionMask = 2147483647;
			files = (
				21EDADBE2C85C40E0090FF67 /* Kingfisher in Frameworks */,
				21EDADB82C85C3DB0090FF67 /* SnapKit in Frameworks */,
				21EDADBB2C85C4040090FF67 /* Alamofire in Frameworks */,
			);
			runOnlyForDeploymentPostprocessing = 0;
		};
		21EDAD962C85C3430090FF67 /* Frameworks */ = {
			isa = PBXFrameworksBuildPhase;
			buildActionMask = 2147483647;
			files = (
			);
			runOnlyForDeploymentPostprocessing = 0;
		};
		21EDADA02C85C3430090FF67 /* Frameworks */ = {
			isa = PBXFrameworksBuildPhase;
			buildActionMask = 2147483647;
			files = (
			);
			runOnlyForDeploymentPostprocessing = 0;
		};
/* End PBXFrameworksBuildPhase section */

/* Begin PBXGroup section */
		21EDAD7A2C85C3420090FF67 = {
			isa = PBXGroup;
			children = (
				21EDAD852C85C3420090FF67 /* BookReview */,
				21EDAD9C2C85C3430090FF67 /* BookReviewTests */,
				21EDADA62C85C3430090FF67 /* BookReviewUITests */,
				21EDAD842C85C3420090FF67 /* Products */,
			);
			sourceTree = "<group>";
		};
		21EDAD842C85C3420090FF67 /* Products */ = {
			isa = PBXGroup;
			children = (
				21EDAD832C85C3420090FF67 /* BookReview.app */,
				21EDAD992C85C3430090FF67 /* BookReviewTests.xctest */,
				21EDADA32C85C3430090FF67 /* BookReviewUITests.xctest */,
			);
			name = Products;
			sourceTree = "<group>";
		};
		21EDAD852C85C3420090FF67 /* BookReview */ = {
			isa = PBXGroup;
			children = (
				21EDAD862C85C3420090FF67 /* AppDelegate.swift */,
				21EDAD882C85C3420090FF67 /* SceneDelegate.swift */,
				21EDADD42C8798090090FF67 /* Manager */,
				21EDADCF2C8797230090FF67 /* Model */,
				21EDADC22C85CA530090FF67 /* Scene */,
				21EDAD8F2C85C3430090FF67 /* Assets.xcassets */,
				21EDAD912C85C3430090FF67 /* LaunchScreen.storyboard */,
				21EDAD942C85C3430090FF67 /* Info.plist */,
			);
			path = BookReview;
			sourceTree = "<group>";
		};
		21EDAD9C2C85C3430090FF67 /* BookReviewTests */ = {
			isa = PBXGroup;
			children = (
				21EDAD9D2C85C3430090FF67 /* ReviewListPresenterTests.swift */,
			);
			path = BookReviewTests;
			sourceTree = "<group>";
		};
		21EDADA62C85C3430090FF67 /* BookReviewUITests */ = {
			isa = PBXGroup;
			children = (
				21EDADA72C85C3430090FF67 /* BookReviewUITests.swift */,
				21EDADA92C85C3430090FF67 /* BookReviewUITestsLaunchTests.swift */,
			);
			path = BookReviewUITests;
			sourceTree = "<group>";
		};
		21EDADC12C85CA470090FF67 /* BookReviewList */ = {
			isa = PBXGroup;
			children = (
				21EDAD8A2C85C3420090FF67 /* BookReviewListViewController.swift */,
				21EDADBF2C85CA3E0090FF67 /* BookReviewListPresenter.swift */,
			);
			path = BookReviewList;
			sourceTree = "<group>";
		};
		21EDADC22C85CA530090FF67 /* Scene */ = {
			isa = PBXGroup;
			children = (
				21EDADC12C85CA470090FF67 /* BookReviewList */,
				21EDADC72C8628F20090FF67 /* BookReviewWrite */,
				21EDADCC2C8790100090FF67 /* SearchBook */,
			);
			path = Scene;
			sourceTree = "<group>";
		};
		21EDADC72C8628F20090FF67 /* BookReviewWrite */ = {
			isa = PBXGroup;
			children = (
				21EDADC32C8628DD0090FF67 /* BookReviewWriteViewController.swift */,
				21EDADC52C8628EC0090FF67 /* BookReviewWritePresenter.swift */,
			);
			path = BookReviewWrite;
			sourceTree = "<group>";
		};
		21EDADCC2C8790100090FF67 /* SearchBook */ = {
			isa = PBXGroup;
			children = (
				21EDADC82C8790020090FF67 /* SearchBookViewController.swift */,
				21EDADCA2C87900C0090FF67 /* SearchBookPresenter.swift */,
			);
			path = SearchBook;
			sourceTree = "<group>";
		};
		21EDADCF2C8797230090FF67 /* Model */ = {
			isa = PBXGroup;
			children = (
				21EDADCD2C87971E0090FF67 /* BookSearchRequest.swift */,
				21EDADD02C87975D0090FF67 /* BookSearchResponse.swift */,
				21EDADD72C89C5DB0090FF67 /* BookReview.swift */,
			);
			path = Model;
			sourceTree = "<group>";
		};
		21EDADD42C8798090090FF67 /* Manager */ = {
			isa = PBXGroup;
			children = (
				21EDADD22C8798060090FF67 /* BookSearchManager.swift */,
				21EDADD52C89C5CD0090FF67 /* UserDefaultManager.swift */,
			);
			path = Manager;
			sourceTree = "<group>";
		};
/* End PBXGroup section */

/* Begin PBXNativeTarget section */
		21EDAD822C85C3420090FF67 /* BookReview */ = {
			isa = PBXNativeTarget;
			buildConfigurationList = 21EDADAD2C85C3430090FF67 /* Build configuration list for PBXNativeTarget "BookReview" */;
			buildPhases = (
				21EDAD7F2C85C3420090FF67 /* Sources */,
				21EDAD802C85C3420090FF67 /* Frameworks */,
				21EDAD812C85C3420090FF67 /* Resources */,
			);
			buildRules = (
			);
			dependencies = (
			);
			name = BookReview;
			packageProductDependencies = (
				21EDADB72C85C3DB0090FF67 /* SnapKit */,
				21EDADBA2C85C4040090FF67 /* Alamofire */,
				21EDADBD2C85C40E0090FF67 /* Kingfisher */,
			);
			productName = BookReview;
			productReference = 21EDAD832C85C3420090FF67 /* BookReview.app */;
			productType = "com.apple.product-type.application";
		};
		21EDAD982C85C3430090FF67 /* BookReviewTests */ = {
			isa = PBXNativeTarget;
			buildConfigurationList = 21EDADB02C85C3430090FF67 /* Build configuration list for PBXNativeTarget "BookReviewTests" */;
			buildPhases = (
				21EDAD952C85C3430090FF67 /* Sources */,
				21EDAD962C85C3430090FF67 /* Frameworks */,
				21EDAD972C85C3430090FF67 /* Resources */,
			);
			buildRules = (
			);
			dependencies = (
				21EDAD9B2C85C3430090FF67 /* PBXTargetDependency */,
			);
			name = BookReviewTests;
			productName = BookReviewTests;
			productReference = 21EDAD992C85C3430090FF67 /* BookReviewTests.xctest */;
			productType = "com.apple.product-type.bundle.unit-test";
		};
		21EDADA22C85C3430090FF67 /* BookReviewUITests */ = {
			isa = PBXNativeTarget;
			buildConfigurationList = 21EDADB32C85C3430090FF67 /* Build configuration list for PBXNativeTarget "BookReviewUITests" */;
			buildPhases = (
				21EDAD9F2C85C3430090FF67 /* Sources */,
				21EDADA02C85C3430090FF67 /* Frameworks */,
				21EDADA12C85C3430090FF67 /* Resources */,
			);
			buildRules = (
			);
			dependencies = (
				21EDADA52C85C3430090FF67 /* PBXTargetDependency */,
			);
			name = BookReviewUITests;
			productName = BookReviewUITests;
			productReference = 21EDADA32C85C3430090FF67 /* BookReviewUITests.xctest */;
			productType = "com.apple.product-type.bundle.ui-testing";
		};
/* End PBXNativeTarget section */

/* Begin PBXProject section */
		21EDAD7B2C85C3420090FF67 /* Project object */ = {
			isa = PBXProject;
			attributes = {
				BuildIndependentTargetsInParallel = 1;
				LastSwiftUpdateCheck = 1540;
				LastUpgradeCheck = 1540;
				TargetAttributes = {
					21EDAD822C85C3420090FF67 = {
						CreatedOnToolsVersion = 15.4;
					};
					21EDAD982C85C3430090FF67 = {
						CreatedOnToolsVersion = 15.4;
						TestTargetID = 21EDAD822C85C3420090FF67;
					};
					21EDADA22C85C3430090FF67 = {
						CreatedOnToolsVersion = 15.4;
						TestTargetID = 21EDAD822C85C3420090FF67;
					};
				};
			};
			buildConfigurationList = 21EDAD7E2C85C3420090FF67 /* Build configuration list for PBXProject "BookReview" */;
			compatibilityVersion = "Xcode 14.0";
			developmentRegion = en;
			hasScannedForEncodings = 0;
			knownRegions = (
				en,
				Base,
			);
			mainGroup = 21EDAD7A2C85C3420090FF67;
			packageReferences = (
				21EDADB62C85C3DB0090FF67 /* XCRemoteSwiftPackageReference "SnapKit" */,
				21EDADB92C85C4040090FF67 /* XCRemoteSwiftPackageReference "Alamofire" */,
				21EDADBC2C85C40E0090FF67 /* XCRemoteSwiftPackageReference "Kingfisher" */,
			);
			productRefGroup = 21EDAD842C85C3420090FF67 /* Products */;
			projectDirPath = "";
			projectRoot = "";
			targets = (
				21EDAD822C85C3420090FF67 /* BookReview */,
				21EDAD982C85C3430090FF67 /* BookReviewTests */,
				21EDADA22C85C3430090FF67 /* BookReviewUITests */,
			);
		};
/* End PBXProject section */

/* Begin PBXResourcesBuildPhase section */
		21EDAD812C85C3420090FF67 /* Resources */ = {
			isa = PBXResourcesBuildPhase;
			buildActionMask = 2147483647;
			files = (
				21EDAD902C85C3430090FF67 /* Assets.xcassets in Resources */,
				21EDAD932C85C3430090FF67 /* Base in Resources */,
			);
			runOnlyForDeploymentPostprocessing = 0;
		};
		21EDAD972C85C3430090FF67 /* Resources */ = {
			isa = PBXResourcesBuildPhase;
			buildActionMask = 2147483647;
			files = (
			);
			runOnlyForDeploymentPostprocessing = 0;
		};
		21EDADA12C85C3430090FF67 /* Resources */ = {
			isa = PBXResourcesBuildPhase;
			buildActionMask = 2147483647;
			files = (
			);
			runOnlyForDeploymentPostprocessing = 0;
		};
/* End PBXResourcesBuildPhase section */

/* Begin PBXSourcesBuildPhase section */
		21EDAD7F2C85C3420090FF67 /* Sources */ = {
			isa = PBXSourcesBuildPhase;
			buildActionMask = 2147483647;
			files = (
				21EDAD8B2C85C3420090FF67 /* BookReviewListViewController.swift in Sources */,
				21EDADD32C8798060090FF67 /* BookSearchManager.swift in Sources */,
				21EDADD12C87975D0090FF67 /* BookSearchResponse.swift in Sources */,
				21EDADC62C8628EC0090FF67 /* BookReviewWritePresenter.swift in Sources */,
				21EDADC42C8628DD0090FF67 /* BookReviewWriteViewController.swift in Sources */,
				21EDADC92C8790020090FF67 /* SearchBookViewController.swift in Sources */,
				21EDADD62C89C5CD0090FF67 /* UserDefaultManager.swift in Sources */,
				21EDADC02C85CA3E0090FF67 /* BookReviewListPresenter.swift in Sources */,
				21EDADCB2C87900C0090FF67 /* SearchBookPresenter.swift in Sources */,
				21EDADD82C89C5DB0090FF67 /* BookReview.swift in Sources */,
				21EDAD872C85C3420090FF67 /* AppDelegate.swift in Sources */,
				21EDAD892C85C3420090FF67 /* SceneDelegate.swift in Sources */,
				21EDADCE2C87971E0090FF67 /* BookSearchRequest.swift in Sources */,
			);
			runOnlyForDeploymentPostprocessing = 0;
		};
		21EDAD952C85C3430090FF67 /* Sources */ = {
			isa = PBXSourcesBuildPhase;
			buildActionMask = 2147483647;
			files = (
				21EDAD9E2C85C3430090FF67 /* ReviewListPresenterTests.swift in Sources */,
			);
			runOnlyForDeploymentPostprocessing = 0;
		};
		21EDAD9F2C85C3430090FF67 /* Sources */ = {
			isa = PBXSourcesBuildPhase;
			buildActionMask = 2147483647;
			files = (
				21EDADA82C85C3430090FF67 /* BookReviewUITests.swift in Sources */,
				21EDADAA2C85C3430090FF67 /* BookReviewUITestsLaunchTests.swift in Sources */,
			);
			runOnlyForDeploymentPostprocessing = 0;
		};
/* End PBXSourcesBuildPhase section */

/* Begin PBXTargetDependency section */
		21EDAD9B2C85C3430090FF67 /* PBXTargetDependency */ = {
			isa = PBXTargetDependency;
			target = 21EDAD822C85C3420090FF67 /* BookReview */;
			targetProxy = 21EDAD9A2C85C3430090FF67 /* PBXContainerItemProxy */;
		};
		21EDADA52C85C3430090FF67 /* PBXTargetDependency */ = {
			isa = PBXTargetDependency;
			target = 21EDAD822C85C3420090FF67 /* BookReview */;
			targetProxy = 21EDADA42C85C3430090FF67 /* PBXContainerItemProxy */;
		};
/* End PBXTargetDependency section */

/* Begin PBXVariantGroup section */
		21EDAD912C85C3430090FF67 /* LaunchScreen.storyboard */ = {
			isa = PBXVariantGroup;
			children = (
				21EDAD922C85C3430090FF67 /* Base */,
			);
			name = LaunchScreen.storyboard;
			sourceTree = "<group>";
		};
/* End PBXVariantGroup section */

/* Begin XCBuildConfiguration section */
		21EDADAB2C85C3430090FF67 /* Debug */ = {
			isa = XCBuildConfiguration;
			buildSettings = {
				ALWAYS_SEARCH_USER_PATHS = NO;
				ASSETCATALOG_COMPILER_GENERATE_SWIFT_ASSET_SYMBOL_EXTENSIONS = YES;
				CLANG_ANALYZER_NONNULL = YES;
				CLANG_ANALYZER_NUMBER_OBJECT_CONVERSION = YES_AGGRESSIVE;
				CLANG_CXX_LANGUAGE_STANDARD = "gnu++20";
				CLANG_ENABLE_MODULES = YES;
				CLANG_ENABLE_OBJC_ARC = YES;
				CLANG_ENABLE_OBJC_WEAK = YES;
				CLANG_WARN_BLOCK_CAPTURE_AUTORELEASING = YES;
				CLANG_WARN_BOOL_CONVERSION = YES;
				CLANG_WARN_COMMA = YES;
				CLANG_WARN_CONSTANT_CONVERSION = YES;
				CLANG_WARN_DEPRECATED_OBJC_IMPLEMENTATIONS = YES;
				CLANG_WARN_DIRECT_OBJC_ISA_USAGE = YES_ERROR;
				CLANG_WARN_DOCUMENTATION_COMMENTS = YES;
				CLANG_WARN_EMPTY_BODY = YES;
				CLANG_WARN_ENUM_CONVERSION = YES;
				CLANG_WARN_INFINITE_RECURSION = YES;
				CLANG_WARN_INT_CONVERSION = YES;
				CLANG_WARN_NON_LITERAL_NULL_CONVERSION = YES;
				CLANG_WARN_OBJC_IMPLICIT_RETAIN_SELF = YES;
				CLANG_WARN_OBJC_LITERAL_CONVERSION = YES;
				CLANG_WARN_OBJC_ROOT_CLASS = YES_ERROR;
				CLANG_WARN_QUOTED_INCLUDE_IN_FRAMEWORK_HEADER = YES;
				CLANG_WARN_RANGE_LOOP_ANALYSIS = YES;
				CLANG_WARN_STRICT_PROTOTYPES = YES;
				CLANG_WARN_SUSPICIOUS_MOVE = YES;
				CLANG_WARN_UNGUARDED_AVAILABILITY = YES_AGGRESSIVE;
				CLANG_WARN_UNREACHABLE_CODE = YES;
				CLANG_WARN__DUPLICATE_METHOD_MATCH = YES;
				COPY_PHASE_STRIP = NO;
				DEBUG_INFORMATION_FORMAT = dwarf;
				ENABLE_STRICT_OBJC_MSGSEND = YES;
				ENABLE_TESTABILITY = YES;
				ENABLE_USER_SCRIPT_SANDBOXING = YES;
				GCC_C_LANGUAGE_STANDARD = gnu17;
				GCC_DYNAMIC_NO_PIC = NO;
				GCC_NO_COMMON_BLOCKS = YES;
				GCC_OPTIMIZATION_LEVEL = 0;
				GCC_PREPROCESSOR_DEFINITIONS = (
					"DEBUG=1",
					"$(inherited)",
				);
				GCC_WARN_64_TO_32_BIT_CONVERSION = YES;
				GCC_WARN_ABOUT_RETURN_TYPE = YES_ERROR;
				GCC_WARN_UNDECLARED_SELECTOR = YES;
				GCC_WARN_UNINITIALIZED_AUTOS = YES_AGGRESSIVE;
				GCC_WARN_UNUSED_FUNCTION = YES;
				GCC_WARN_UNUSED_VARIABLE = YES;
				IPHONEOS_DEPLOYMENT_TARGET = 17.5;
				LOCALIZATION_PREFERS_STRING_CATALOGS = YES;
				MTL_ENABLE_DEBUG_INFO = INCLUDE_SOURCE;
				MTL_FAST_MATH = YES;
				ONLY_ACTIVE_ARCH = YES;
				SDKROOT = iphoneos;
				SWIFT_ACTIVE_COMPILATION_CONDITIONS = "DEBUG $(inherited)";
				SWIFT_OPTIMIZATION_LEVEL = "-Onone";
			};
			name = Debug;
		};
		21EDADAC2C85C3430090FF67 /* Release */ = {
			isa = XCBuildConfiguration;
			buildSettings = {
				ALWAYS_SEARCH_USER_PATHS = NO;
				ASSETCATALOG_COMPILER_GENERATE_SWIFT_ASSET_SYMBOL_EXTENSIONS = YES;
				CLANG_ANALYZER_NONNULL = YES;
				CLANG_ANALYZER_NUMBER_OBJECT_CONVERSION = YES_AGGRESSIVE;
				CLANG_CXX_LANGUAGE_STANDARD = "gnu++20";
				CLANG_ENABLE_MODULES = YES;
				CLANG_ENABLE_OBJC_ARC = YES;
				CLANG_ENABLE_OBJC_WEAK = YES;
				CLANG_WARN_BLOCK_CAPTURE_AUTORELEASING = YES;
				CLANG_WARN_BOOL_CONVERSION = YES;
				CLANG_WARN_COMMA = YES;
				CLANG_WARN_CONSTANT_CONVERSION = YES;
				CLANG_WARN_DEPRECATED_OBJC_IMPLEMENTATIONS = YES;
				CLANG_WARN_DIRECT_OBJC_ISA_USAGE = YES_ERROR;
				CLANG_WARN_DOCUMENTATION_COMMENTS = YES;
				CLANG_WARN_EMPTY_BODY = YES;
				CLANG_WARN_ENUM_CONVERSION = YES;
				CLANG_WARN_INFINITE_RECURSION = YES;
				CLANG_WARN_INT_CONVERSION = YES;
				CLANG_WARN_NON_LITERAL_NULL_CONVERSION = YES;
				CLANG_WARN_OBJC_IMPLICIT_RETAIN_SELF = YES;
				CLANG_WARN_OBJC_LITERAL_CONVERSION = YES;
				CLANG_WARN_OBJC_ROOT_CLASS = YES_ERROR;
				CLANG_WARN_QUOTED_INCLUDE_IN_FRAMEWORK_HEADER = YES;
				CLANG_WARN_RANGE_LOOP_ANALYSIS = YES;
				CLANG_WARN_STRICT_PROTOTYPES = YES;
				CLANG_WARN_SUSPICIOUS_MOVE = YES;
				CLANG_WARN_UNGUARDED_AVAILABILITY = YES_AGGRESSIVE;
				CLANG_WARN_UNREACHABLE_CODE = YES;
				CLANG_WARN__DUPLICATE_METHOD_MATCH = YES;
				COPY_PHASE_STRIP = NO;
				DEBUG_INFORMATION_FORMAT = "dwarf-with-dsym";
				ENABLE_NS_ASSERTIONS = NO;
				ENABLE_STRICT_OBJC_MSGSEND = YES;
				ENABLE_USER_SCRIPT_SANDBOXING = YES;
				GCC_C_LANGUAGE_STANDARD = gnu17;
				GCC_NO_COMMON_BLOCKS = YES;
				GCC_WARN_64_TO_32_BIT_CONVERSION = YES;
				GCC_WARN_ABOUT_RETURN_TYPE = YES_ERROR;
				GCC_WARN_UNDECLARED_SELECTOR = YES;
				GCC_WARN_UNINITIALIZED_AUTOS = YES_AGGRESSIVE;
				GCC_WARN_UNUSED_FUNCTION = YES;
				GCC_WARN_UNUSED_VARIABLE = YES;
				IPHONEOS_DEPLOYMENT_TARGET = 17.5;
				LOCALIZATION_PREFERS_STRING_CATALOGS = YES;
				MTL_ENABLE_DEBUG_INFO = NO;
				MTL_FAST_MATH = YES;
				SDKROOT = iphoneos;
				SWIFT_COMPILATION_MODE = wholemodule;
				VALIDATE_PRODUCT = YES;
			};
			name = Release;
		};
		21EDADAE2C85C3430090FF67 /* Debug */ = {
			isa = XCBuildConfiguration;
			buildSettings = {
				ASSETCATALOG_COMPILER_APPICON_NAME = AppIcon;
				ASSETCATALOG_COMPILER_GLOBAL_ACCENT_COLOR_NAME = AccentColor;
				CODE_SIGN_STYLE = Automatic;
				CURRENT_PROJECT_VERSION = 1;
				DEVELOPMENT_TEAM = MVRMRHCZ4J;
				GENERATE_INFOPLIST_FILE = YES;
				INFOPLIST_FILE = BookReview/Info.plist;
				INFOPLIST_KEY_UIApplicationSupportsIndirectInputEvents = YES;
				INFOPLIST_KEY_UILaunchStoryboardName = LaunchScreen;
				INFOPLIST_KEY_UISupportedInterfaceOrientations_iPad = "UIInterfaceOrientationPortrait UIInterfaceOrientationPortraitUpsideDown UIInterfaceOrientationLandscapeLeft UIInterfaceOrientationLandscapeRight";
				INFOPLIST_KEY_UISupportedInterfaceOrientations_iPhone = "UIInterfaceOrientationPortrait UIInterfaceOrientationLandscapeLeft UIInterfaceOrientationLandscapeRight";
				LD_RUNPATH_SEARCH_PATHS = (
					"$(inherited)",
					"@executable_path/Frameworks",
				);
				MARKETING_VERSION = 1.0;
				PRODUCT_BUNDLE_IDENTIFIER = JBWang.BookReview;
				PRODUCT_NAME = "$(TARGET_NAME)";
				SWIFT_EMIT_LOC_STRINGS = YES;
				SWIFT_VERSION = 5.0;
				TARGETED_DEVICE_FAMILY = "1,2";
			};
			name = Debug;
		};
		21EDADAF2C85C3430090FF67 /* Release */ = {
			isa = XCBuildConfiguration;
			buildSettings = {
				ASSETCATALOG_COMPILER_APPICON_NAME = AppIcon;
				ASSETCATALOG_COMPILER_GLOBAL_ACCENT_COLOR_NAME = AccentColor;
				CODE_SIGN_STYLE = Automatic;
				CURRENT_PROJECT_VERSION = 1;
				DEVELOPMENT_TEAM = MVRMRHCZ4J;
				GENERATE_INFOPLIST_FILE = YES;
				INFOPLIST_FILE = BookReview/Info.plist;
				INFOPLIST_KEY_UIApplicationSupportsIndirectInputEvents = YES;
				INFOPLIST_KEY_UILaunchStoryboardName = LaunchScreen;
				INFOPLIST_KEY_UISupportedInterfaceOrientations_iPad = "UIInterfaceOrientationPortrait UIInterfaceOrientationPortraitUpsideDown UIInterfaceOrientationLandscapeLeft UIInterfaceOrientationLandscapeRight";
				INFOPLIST_KEY_UISupportedInterfaceOrientations_iPhone = "UIInterfaceOrientationPortrait UIInterfaceOrientationLandscapeLeft UIInterfaceOrientationLandscapeRight";
				LD_RUNPATH_SEARCH_PATHS = (
					"$(inherited)",
					"@executable_path/Frameworks",
				);
				MARKETING_VERSION = 1.0;
				PRODUCT_BUNDLE_IDENTIFIER = JBWang.BookReview;
				PRODUCT_NAME = "$(TARGET_NAME)";
				SWIFT_EMIT_LOC_STRINGS = YES;
				SWIFT_VERSION = 5.0;
				TARGETED_DEVICE_FAMILY = "1,2";
			};
			name = Release;
		};
		21EDADB12C85C3430090FF67 /* Debug */ = {
			isa = XCBuildConfiguration;
			buildSettings = {
				ALWAYS_EMBED_SWIFT_STANDARD_LIBRARIES = YES;
				BUNDLE_LOADER = "$(TEST_HOST)";
				CODE_SIGN_STYLE = Automatic;
				CURRENT_PROJECT_VERSION = 1;
				DEVELOPMENT_TEAM = MVRMRHCZ4J;
				GENERATE_INFOPLIST_FILE = YES;
				IPHONEOS_DEPLOYMENT_TARGET = 17.5;
				MARKETING_VERSION = 1.0;
				PRODUCT_BUNDLE_IDENTIFIER = JBWang.BookReviewTests;
				PRODUCT_NAME = "$(TARGET_NAME)";
				SWIFT_EMIT_LOC_STRINGS = NO;
				SWIFT_VERSION = 5.0;
				TARGETED_DEVICE_FAMILY = "1,2";
				TEST_HOST = "$(BUILT_PRODUCTS_DIR)/BookReview.app/$(BUNDLE_EXECUTABLE_FOLDER_PATH)/BookReview";
			};
			name = Debug;
		};
		21EDADB22C85C3430090FF67 /* Release */ = {
			isa = XCBuildConfiguration;
			buildSettings = {
				ALWAYS_EMBED_SWIFT_STANDARD_LIBRARIES = YES;
				BUNDLE_LOADER = "$(TEST_HOST)";
				CODE_SIGN_STYLE = Automatic;
				CURRENT_PROJECT_VERSION = 1;
				DEVELOPMENT_TEAM = MVRMRHCZ4J;
				GENERATE_INFOPLIST_FILE = YES;
				IPHONEOS_DEPLOYMENT_TARGET = 17.5;
				MARKETING_VERSION = 1.0;
				PRODUCT_BUNDLE_IDENTIFIER = JBWang.BookReviewTests;
				PRODUCT_NAME = "$(TARGET_NAME)";
				SWIFT_EMIT_LOC_STRINGS = NO;
				SWIFT_VERSION = 5.0;
				TARGETED_DEVICE_FAMILY = "1,2";
				TEST_HOST = "$(BUILT_PRODUCTS_DIR)/BookReview.app/$(BUNDLE_EXECUTABLE_FOLDER_PATH)/BookReview";
			};
			name = Release;
		};
		21EDADB42C85C3430090FF67 /* Debug */ = {
			isa = XCBuildConfiguration;
			buildSettings = {
				ALWAYS_EMBED_SWIFT_STANDARD_LIBRARIES = YES;
				CODE_SIGN_STYLE = Automatic;
				CURRENT_PROJECT_VERSION = 1;
				DEVELOPMENT_TEAM = MVRMRHCZ4J;
				GENERATE_INFOPLIST_FILE = YES;
				MARKETING_VERSION = 1.0;
				PRODUCT_BUNDLE_IDENTIFIER = JBWang.BookReviewUITests;
				PRODUCT_NAME = "$(TARGET_NAME)";
				SWIFT_EMIT_LOC_STRINGS = NO;
				SWIFT_VERSION = 5.0;
				TARGETED_DEVICE_FAMILY = "1,2";
				TEST_TARGET_NAME = BookReview;
			};
			name = Debug;
		};
		21EDADB52C85C3430090FF67 /* Release */ = {
			isa = XCBuildConfiguration;
			buildSettings = {
				ALWAYS_EMBED_SWIFT_STANDARD_LIBRARIES = YES;
				CODE_SIGN_STYLE = Automatic;
				CURRENT_PROJECT_VERSION = 1;
				DEVELOPMENT_TEAM = MVRMRHCZ4J;
				GENERATE_INFOPLIST_FILE = YES;
				MARKETING_VERSION = 1.0;
				PRODUCT_BUNDLE_IDENTIFIER = JBWang.BookReviewUITests;
				PRODUCT_NAME = "$(TARGET_NAME)";
				SWIFT_EMIT_LOC_STRINGS = NO;
				SWIFT_VERSION = 5.0;
				TARGETED_DEVICE_FAMILY = "1,2";
				TEST_TARGET_NAME = BookReview;
			};
			name = Release;
		};
/* End XCBuildConfiguration section */

/* Begin XCConfigurationList section */
		21EDAD7E2C85C3420090FF67 /* Build configuration list for PBXProject "BookReview" */ = {
			isa = XCConfigurationList;
			buildConfigurations = (
				21EDADAB2C85C3430090FF67 /* Debug */,
				21EDADAC2C85C3430090FF67 /* Release */,
			);
			defaultConfigurationIsVisible = 0;
			defaultConfigurationName = Release;
		};
		21EDADAD2C85C3430090FF67 /* Build configuration list for PBXNativeTarget "BookReview" */ = {
			isa = XCConfigurationList;
			buildConfigurations = (
				21EDADAE2C85C3430090FF67 /* Debug */,
				21EDADAF2C85C3430090FF67 /* Release */,
			);
			defaultConfigurationIsVisible = 0;
			defaultConfigurationName = Release;
		};
		21EDADB02C85C3430090FF67 /* Build configuration list for PBXNativeTarget "BookReviewTests" */ = {
			isa = XCConfigurationList;
			buildConfigurations = (
				21EDADB12C85C3430090FF67 /* Debug */,
				21EDADB22C85C3430090FF67 /* Release */,
			);
			defaultConfigurationIsVisible = 0;
			defaultConfigurationName = Release;
		};
		21EDADB32C85C3430090FF67 /* Build configuration list for PBXNativeTarget "BookReviewUITests" */ = {
			isa = XCConfigurationList;
			buildConfigurations = (
				21EDADB42C85C3430090FF67 /* Debug */,
				21EDADB52C85C3430090FF67 /* Release */,
			);
			defaultConfigurationIsVisible = 0;
			defaultConfigurationName = Release;
		};
/* End XCConfigurationList section */

/* Begin XCRemoteSwiftPackageReference section */
		21EDADB62C85C3DB0090FF67 /* XCRemoteSwiftPackageReference "SnapKit" */ = {
			isa = XCRemoteSwiftPackageReference;
			repositoryURL = "https://github.com/SnapKit/SnapKit";
			requirement = {
				kind = upToNextMajorVersion;
				minimumVersion = 5.7.1;
			};
		};
		21EDADB92C85C4040090FF67 /* XCRemoteSwiftPackageReference "Alamofire" */ = {
			isa = XCRemoteSwiftPackageReference;
			repositoryURL = "https://github.com/Alamofire/Alamofire";
			requirement = {
				kind = upToNextMajorVersion;
				minimumVersion = 5.9.1;
			};
		};
		21EDADBC2C85C40E0090FF67 /* XCRemoteSwiftPackageReference "Kingfisher" */ = {
			isa = XCRemoteSwiftPackageReference;
			repositoryURL = "https://github.com/onevcat/Kingfisher";
			requirement = {
				kind = upToNextMajorVersion;
				minimumVersion = 7.12.0;
			};
		};
/* End XCRemoteSwiftPackageReference section */

/* Begin XCSwiftPackageProductDependency section */
		21EDADB72C85C3DB0090FF67 /* SnapKit */ = {
			isa = XCSwiftPackageProductDependency;
			package = 21EDADB62C85C3DB0090FF67 /* XCRemoteSwiftPackageReference "SnapKit" */;
			productName = SnapKit;
		};
		21EDADBA2C85C4040090FF67 /* Alamofire */ = {
			isa = XCSwiftPackageProductDependency;
			package = 21EDADB92C85C4040090FF67 /* XCRemoteSwiftPackageReference "Alamofire" */;
			productName = Alamofire;
		};
		21EDADBD2C85C40E0090FF67 /* Kingfisher */ = {
			isa = XCSwiftPackageProductDependency;
			package = 21EDADBC2C85C40E0090FF67 /* XCRemoteSwiftPackageReference "Kingfisher" */;
			productName = Kingfisher;
		};
/* End XCSwiftPackageProductDependency section */
	};
	rootObject = 21EDAD7B2C85C3420090FF67 /* Project object */;
}
